
Microsoft Visual Studio Solution File, Format Version 12.00
# Visual Studio 15
VisualStudioVersion = 15.0.28307.779
MinimumVisualStudioVersion = 10.0.40219.1
Project("{9A19103F-16F7-4668-BE54-9A1E7A4F7556}") = "TronGameCore.Client", "TronGameCore.Client\TronGameCore.Client.csproj", "{C453251E-83E0-4431-9ED1-C879E99D19D7}"
EndProject
Project("{9A19103F-16F7-4668-BE54-9A1E7A4F7556}") = "TronGameCore.API", "TronGameCore.API\TronGameCore.API.csproj", "{F3DFB045-68E7-4A44-A210-4404653868AF}"
EndProject
Global
	GlobalSection(SolutionConfigurationPlatforms) = preSolution
		Debug|Any CPU = Debug|Any CPU
		Release|Any CPU = Release|Any CPU
	EndGlobalSection
	GlobalSection(ProjectConfigurationPlatforms) = postSolution
		{C453251E-83E0-4431-9ED1-C879E99D19D7}.Debug|Any CPU.ActiveCfg = Debug|Any CPU
		{C453251E-83E0-4431-9ED1-C879E99D19D7}.Debug|Any CPU.Build.0 = Debug|Any CPU
		{C453251E-83E0-4431-9ED1-C879E99D19D7}.Release|Any CPU.ActiveCfg = Release|Any CPU
		{C453251E-83E0-4431-9ED1-C879E99D19D7}.Release|Any CPU.Build.0 = Release|Any CPU
		{F3DFB045-68E7-4A44-A210-4404653868AF}.Debug|Any CPU.ActiveCfg = Debug|Any CPU
		{F3DFB045-68E7-4A44-A210-4404653868AF}.Debug|Any CPU.Build.0 = Debug|Any CPU
		{F3DFB045-68E7-4A44-A210-4404653868AF}.Release|Any CPU.ActiveCfg = Release|Any CPU
		{F3DFB045-68E7-4A44-A210-4404653868AF}.Release|Any CPU.Build.0 = Release|Any CPU
	EndGlobalSection
	GlobalSection(SolutionProperties) = preSolution
		HideSolutionNode = FALSE
	EndGlobalSection
	GlobalSection(ExtensibilityGlobals) = postSolution
		SolutionGuid = {3BB1B86C-4506-4679-8B90-2CA3B29F7A92}
	EndGlobalSection
EndGlobal
